github.com/brianvoe/gofakeit v3.18.0+incompatible h1:wDOmHc9DLG4nRjUVVaxA+CEglKOW72Y5+4WNxUIkjM8=
github.com/brianvoe/gofakeit v3.18.0+incompatible/go.mod h1:kfwdRA90vvNhPutZWfH7WPaDzUjz+CZFqG+rPkOjGOc=
github.com/cenkalti/backoff/v5 v5.0.2 h1:rIfFVxEf1QsI7E1ZHfp/B4DF/6QBAUhmgkxc0H7Zss8=
github.com/cenkalti/backoff/v5 v5.0.2/go.mod h1:rkhZdG3JZukswDf7f0cwqPNk4K0sa+F97BxZthm/crw=
github.com/cmd-stream/cmd-stream-go v0.4.2 h1:UYcIdxP2LNYfJSO/FPXd0UZ18T21Y0vzRucm+h/tx54=
github.com/cmd-stream/cmd-stream-go v0.4.2/go.mod h1:IeC9M6Y67x4U35069m/3FFP7pbmpCV8naTMJ+/7E+mA=
github.com/cmd-stream/codec-mus-stream-go v0.0.0-20250616162649-2e23e32a06bc h1:cW1PqLmpYCT6EEARozzicljQTkW99+HVOLBhQPvU9SY=
github.com/cmd-stream/codec-mus-stream-go v0.0.0-20250616162649-2e23e32a06bc/go.mod h1:03H8ySzHrHWr3fj/ztQRiXaXeChWojkdDruCXGjeALc=
github.com/cmd-stream/core-go v0.0.0-20250905212819-3a93b986e5d9 h1:cdNMWanCBV0TpzBs9qCLRmu/XYpkLisdKMhWeonFu0w=
github.com/cmd-stream/core-go v0.0.0-20250905212819-3a93b986e5d9/go.mod h1:cDnp3kDEWudlKh2Qx4mziDvfpR4WJftjMe0aH14+cNo=
github.com/cmd-stream/delegate-go v0.0.0-20250704193228-6d6ed6ac102f h1:qdzl6gg198sf9ClHDytzzCpJdeGV35FNRqcVnDJqvGQ=
github.com/cmd-stream/delegate-go v0.0.0-20250704193228-6d6ed6ac102f/go.mod h1:eULP+Y6GN5S7Qs/3yBgLnLHIE5Q2V2bKJX0lS4pWsEg=
github.com/cmd-stream/handler-go v0.0.0-20250704193654-7a2ca8f254de h1:euJm4p5u190htvOPChguEvOzI0SKXRVel+9jRli4+dk=
github.com/cmd-stream/handler-go v0.0.0-20250704193654-7a2ca8f254de/go.mod h1:s6zMjLmVETtkFzeY4dTKMDPLpvaGCVxXSAqjxY3ylzs=
github.com/cmd-stream/otelcmd-stream-go v0.1.0 h1:9Sv6ahyYbKR7ZjTHbQGwhjZxPUHQ6NYGtuZjaV+jHTk=
github.com/cmd-stream/otelcmd-stream-go v0.1.0/go.mod h1:E3F7IgKvYY3YFxEuBrFVTOvr0fL3o3a8khrMEOtXEeQ=
github.com/cmd-stream/sender-go v0.0.0-20250905224940-48fe74f4f43a h1:zm/0Ed/im3Zxja8mxgEkV1ee/fRTYlxAywV8Wq4M138=
github.com/cmd-stream/sender-go v0.0.0-20250905224940-48fe74f4f43a/go.mod h1:0z2GgotcvzEzsv5dvh4ZmMyu4f79F1hGXyy8ua66RqI=
github.com/cmd-stream/transport-go v0.0.0-20250704194107-8696d9c42b6d h1:dqY3biI/g6a+8jhUBqR9PRF9c6+PjG9jW2B2naD8IkM=
github.com/cmd-stream/transport-go v0.0.0-20250704194107-8696d9c42b6d/go.mod h1:Znr98v6yPzHrP+ZAaDKu4c7T+ew8kuoLXzwhN/JEFZg=
github.com/davecgh/go-spew v1.1.1 h1:vj9j/u1bqnvCEfJOwUhtlOARqs3+rkHYY13jYWTU97c=
github.com/davecgh/go-spew v1.1.1/go.mod h1:J7Y8YcW2NihsgmVo/mv3lAwl/skON4iLHjSsI+c5H38=
github.com/go-logr/logr v1.2.2/go.mod h1:jdQByPbusPIv2/zmleS9BjJVeZ6kBagPoEUsqbVz/1A=
github.com/go-logr/logr v1.4.2 h1:6pFjapn8bFcIbiKo3XT4j/BhANplGihG6tvd+8rYgrY=
github.com/go-logr/logr v1.4.2/go.mod h1:9T104GzyrTigFIr8wt5mBrctHMim0Nb2HLGrmQ40KvY=
github.com/go-logr/stdr v1.2.2 h1:hSWxHoqTgW2S2qGc0LTAI563KZ5YKYRhT3MFKZMbjag=
github.com/go-logr/stdr v1.2.2/go.mod h1:mMo/vtBO5dYbehREoey6XUKy/eSumjCCveDpRre4VKE=
github.com/golang/protobuf v1.5.4 h1:i7eJL8qZTpSEXOPTxNKhASYpMn+8e5Q6AdndVa1dWek=
github.com/golang/protobuf v1.5.4/go.mod h1:lnTiLA8Wa4RWRcIUkrtSVa5nRhsEGBg48fD6rSs7xps=
github.com/google/go-cmp v0.7.0 h1:wk8382ETsv4JYUZwIsn6YpYiWiBsYLSJiTsyBybVuN8=
github.com/google/go-cmp v0.7.0/go.mod h1:pXiqmnSA92OHEEa9HXL2W4E7lf9JzCmGVUdgjX3N/iU=
github.com/google/uuid v1.6.0 h1:NIvaJDMOsjHA8n1jAhLSgzrAzy1Hgr+hNrb57e+94F0=
github.com/google/uuid v1.6.0/go.mod h1:TIyPZe4MgqvfeYDBFedMoGGpEw/LqOeaOT+nhxU+yHo=
github.com/grpc-ecosystem/grpc-gateway/v2 v2.26.3 h1:5ZPtiqj0JL5oKWmcsq4VMaAW5ukBEgSGXEN89zeH1Jo=
github.com/grpc-ecosystem/grpc-gateway/v2 v2.26.3/go.mod h1:ndYquD05frm2vACXE1nsccT4oJzjhw2arTS2cpUD1PI=
github.com/mus-format/common-go v0.0.0-20250307125743-867bbd6eb59c h1:axAH0WwqkZNIWZIyswO59y63JaymSi9kqy3yybhQTdI=
github.com/mus-format/common-go v0.0.0-20250307125743-867bbd6eb59c/go.mod h1:1hTb8w0YdSGIOU6wNY+e9uXnDZ9OQnUivNtd8cPSdoU=
github.com/mus-format/dts-go v0.9.0 h1:r+3OD8xMCVE42rtJxxPoPmhxDU4vAlQSp9In+7udt0U=
github.com/mus-format/dts-go v0.9.0/go.mod h1:tBV5wdWpi+WUHChtNp3y6nH/dyM/1P1l74hDx+llAoA=
github.com/mus-format/dts-stream-go v0.9.0 h1:kod0zEu5d7Q+DnGwAQ4zrLMC6Sa8KHEKG1sp6fTK0Ok=
github.com/mus-format/dts-stream-go v0.9.0/go.mod h1:W2K3Lhxic9K9AcKtsCheaA7LVZcKqJmAORyKA/zrtIY=
github.com/mus-format/ext-mus-go v0.0.0-20250409231309-5545cbb51bbb h1:g04mfiDJHVkwBYb4oT0AeicLT07OvFHFAPm0q4Fw+oA=
github.com/mus-format/ext-mus-go v0.0.0-20250409231309-5545cbb51bbb/go.mod h1:m02oWQUOMOu2Veuqscnq5h0buigG6HuDTRPaQgZUzpo=
github.com/mus-format/ext-mus-stream-go v0.0.0-20250424190117-02f7e9442021 h1:rEAEstHvDSToqSiKF9gG6BsEVWYepGcnnaH/5bhdQBY=
github.com/mus-format/ext-mus-stream-go v0.0.0-20250424190117-02f7e9442021/go.mod h1:fX3jUC8HwqVg/DjqjIC0pk9jd2R27FOXoCehyhyymEg=
github.com/mus-format/ext-protobuf-stream-go v0.0.0-20250423190029-59211887ef2c h1:KbEMQWIJBNpPCwccGWlIz7TELnWrZG0q3I1xFKBSkEc=
github.com/mus-format/ext-protobuf-stream-go v0.0.0-20250423190029-59211887ef2c/go.mod h1:M9unfT3Gp6ytdH32JZ1nekgVg/9WcTBTSkUr1fkZj6k=
github.com/mus-format/mus-go v0.7.0 h1:w2b9Awc4xVCQGhJFGCAb3UV75X+Byyfam9w8sAZirJM=
github.com/mus-format/mus-go v0.7.0/go.mod h1:SY5kTmvykop/jax/VtGf6vyjaunHkg5cAeiFgC1XJmY=
github.com/mus-format/mus-stream-go v0.7.0 h1:FejG1zOcm7N1kssC7aanlcviUM+S3W4M7enqPdmJlg0=
github.com/mus-format/mus-stream-go v0.7.0/go.mod h1:QKUch4gu6y8vsj4JyMykYqhlOMMLhP8mlL7VrYv1y7s=
github.com/mus-format/musgen-go v0.1.1-0.20250503161017-3cab6c743d6f h1:1SWmpPx1YHRXT2PeIV7UM3i4f/ppSuGXBcHYnODUosI=
github.com/mus-format/musgen-go v0.1.1-0.20250503161017-3cab6c743d6f/go.mod h1:7bwdQV92r9V7yWiWqPZYJT+hENS1IIKGQ44ppi+iXJE=
github.com/pmezard/go-difflib v1.0.0 h1:4DBwDE0NGyQoBHbLQYPwSUPoCMWR5BEzIk/f1lZbAQM=
github.com/pmezard/go-difflib v1.0.0/go.mod h1:iKH77koFhYxTK1pcRnkKkqfTogsbg7gZNVY4sRDYZ/4=
github.com/stretchr/testify v1.10.0 h1:Xv5erBjTwe/5IxqUQTdXv5kgmIvbHo3QQyRwhJsOfJA=
github.com/stretchr/testify v1.10.0/go.mod h1:r2ic/lqez/lEtzL7wO/rwa5dbSLXVDPFyf8C91i36aY=
github.com/ymz-ncnk/assert v0.0.0-20250528151733-c41b2fca7933 h1:V48ApBa/TSsGNKnIapVQs1q/5+HAaOk51b24L8yuPpA=
github.com/ymz-ncnk/assert v0.0.0-20250528151733-c41b2fca7933/go.mod h1:+lSOTrCyOPuvc0xuvK4uKhgQ0Ar3U/HJPpJZg73kvgE=
github.com/ymz-ncnk/circbrk-go v0.0.0-20250531215722-a60b90b3171f h1:s7196CwMJR+459U3VH+/RQ7flWMHnVQUcitmMFxXl74=
github.com/ymz-ncnk/circbrk-go v0.0.0-20250531215722-a60b90b3171f/go.mod h1:TQptP0MY5pzBfmd3f2e6mn+jQsZ06Z6aS+sXYzzmHZY=
github.com/ymz-ncnk/jointwork-go v0.0.0-20240428103805-1ee224bde88a h1:we5FNsUNYd+fdpb1wG72OsQW9PSxwZmZvdEX2MPKWr4=
github.com/ymz-ncnk/jointwork-go v0.0.0-20240428103805-1ee224bde88a/go.mod h1:hSb6kzszMFlMBOgqfEMl5nF0PduNisdKI3Q0rrD19A4=
github.com/ymz-ncnk/mok v0.2.0/go.mod h1:VDVVGULp0vdJeD27SgJghOFGyD7w3nX7SDh8TOlvIsY=
github.com/ymz-ncnk/mok v0.2.1 h1:rx/QVO4W2d3s6g1Q2tVeIndD0Yhc66pVJRB2RHpXWSo=
github.com/ymz-ncnk/mok v0.2.1/go.mod h1:BYggihmf3kEBo7HfDVwDEqZ08gO8og8o5fcd8xuPmu0=
github.com/ymz-ncnk/multierr-go v0.0.0-20230813140901-5e9302c2e02a h1:mh9cOvtFJMQGPbWHZ7/fw8ODSPgBmDVPpqzjFfke60Y=
github.com/ymz-ncnk/multierr-go v0.0.0-20230813140901-5e9302c2e02a/go.mod h1:Y6DG+DHn9auZ/pemU4IxVvs+54GGhTpcBgaOHIGRiAk=
go.opentelemetry.io/auto/sdk v1.1.0 h1:cH53jehLUN6UFLY71z+NDOiNJqDdPRaXzTel0sJySYA=
go.opentelemetry.io/auto/sdk v1.1.0/go.mod h1:3wSPjt5PWp2RhlCcmmOial7AvC4DQqZb7a7wCow3W8A=
go.opentelemetry.io/otel v1.36.0 h1:UumtzIklRBY6cI/lllNZlALOF5nNIzJVb16APdvgTXg=
go.opentelemetry.io/otel v1.36.0/go.mod h1:/TcFMXYjyRNh8khOAO9ybYkqaDBb/70aVwkNML4pP8E=
go.opentelemetry.io/otel/exporters/otlp/otlpmetric/otlpmetricgrpc v1.36.0 h1:zwdo1gS2eH26Rg+CoqVQpEK1h8gvt5qyU5Kk5Bixvow=
go.opentelemetry.io/otel/exporters/otlp/otlpmetric/otlpmetricgrpc v1.36.0/go.mod h1:rUKCPscaRWWcqGT6HnEmYrK+YNe5+Sw64xgQTOJ5b30=
go.opentelemetry.io/otel/exporters/otlp/otlptrace v1.36.0 h1:dNzwXjZKpMpE2JhmO+9HsPl42NIXFIFSUSSs0fiqra0=
go.opentelemetry.io/otel/exporters/otlp/otlptrace v1.36.0/go.mod h1:90PoxvaEB5n6AOdZvi+yWJQoE95U8Dhhw2bSyRqnTD0=
go.opentelemetry.io/otel/exporters/otlp/otlptrace/otlptracegrpc v1.36.0 h1:JgtbA0xkWHnTmYk7YusopJFX6uleBmAuZ8n05NEh8nQ=
go.opentelemetry.io/otel/exporters/otlp/otlptrace/otlptracegrpc v1.36.0/go.mod h1:179AK5aar5R3eS9FucPy6rggvU0g52cvKId8pv4+v0c=
go.opentelemetry.io/otel/exporters/stdout/stdoutlog v0.12.2 h1:12vMqzLLNZtXuXbJhSENRg+Vvx+ynNilV8twBLBsXMY=
go.opentelemetry.io/otel/exporters/stdout/stdoutlog v0.12.2/go.mod h1:ZccPZoPOoq8x3Trik/fCsba7DEYDUnN6yX79pgp2BUQ=
go.opentelemetry.io/otel/log v0.12.2 h1:yob9JVHn2ZY24byZeaXpTVoPS6l+UrrxmxmPKohXTwc=
go.opentelemetry.io/otel/log v0.12.2/go.mod h1:ShIItIxSYxufUMt+1H5a2wbckGli3/iCfuEbVZi/98E=
go.opentelemetry.io/otel/metric v1.36.0 h1:MoWPKVhQvJ+eeXWHFBOPoBOi20jh6Iq2CcCREuTYufE=
go.opentelemetry.io/otel/metric v1.36.0/go.mod h1:zC7Ks+yeyJt4xig9DEw9kuUFe5C3zLbVjV2PzT6qzbs=
go.opentelemetry.io/otel/sdk v1.36.0 h1:b6SYIuLRs88ztox4EyrvRti80uXIFy+Sqzoh9kFULbs=
go.opentelemetry.io/otel/sdk v1.36.0/go.mod h1:+lC+mTgD+MUWfjJubi2vvXWcVxyr9rmlshZni72pXeY=
go.opentelemetry.io/otel/sdk/log v0.12.2 h1:yNoETvTByVKi7wHvYS6HMcZrN5hFLD7I++1xIZ/k6W0=
go.opentelemetry.io/otel/sdk/log v0.12.2/go.mod h1:DcpdmUXHJgSqN/dh+XMWa7Vf89u9ap0/AAk/XGLnEzY=
go.opentelemetry.io/otel/sdk/log/logtest v0.0.0-20250521073539-a85ae98dcedc h1:uqxdywfHqqCl6LmZzI3pUnXT1RGFYyUgxj0AkWPFxi0=
go.opentelemetry.io/otel/sdk/log/logtest v0.0.0-20250521073539-a85ae98dcedc/go.mod h1:TY/N/FT7dmFrP/r5ym3g0yysP1DefqGpAZr4f82P0dE=
go.opentelemetry.io/otel/sdk/metric v1.36.0 h1:r0ntwwGosWGaa0CrSt8cuNuTcccMXERFwHX4dThiPis=
go.opentelemetry.io/otel/sdk/metric v1.36.0/go.mod h1:qTNOhFDfKRwX0yXOqJYegL5WRaW376QbB7P4Pb0qva4=
go.opentelemetry.io/otel/trace v1.36.0 h1:ahxWNuqZjpdiFAyrIoQ4GIiAIhxAunQR6MUoKrsNd4w=
go.opentelemetry.io/otel/trace v1.36.0/go.mod h1:gQ+OnDZzrybY4k4seLzPAWNwVBBVlF2szhehOBB/tGA=
go.opentelemetry.io/proto/otlp v1.6.0 h1:jQjP+AQyTf+Fe7OKj/MfkDrmK4MNVtw2NpXsf9fefDI=
go.opentelemetry.io/proto/otlp v1.6.0/go.mod h1:cicgGehlFuNdgZkcALOCh3VE6K/u2tAjzlRhDwmVpZc=
go.uber.org/goleak v1.3.0 h1:2K3zAYmnTNqV73imy9J1T3WC+gmCePx2hEGkimedGto=
go.uber.org/goleak v1.3.0/go.mod h1:CoHD4mav9JJNrW/WLlf7HGZPjdw8EucARQHekz1X6bE=
golang.org/x/exp v0.0.0-20250408133849-7e4ce0ab07d0 h1:R84qjqJb5nVJMxqWYb3np9L5ZsaDtB+a39EqjV0JSUM=
golang.org/x/exp v0.0.0-20250408133849-7e4ce0ab07d0/go.mod h1:S9Xr4PYopiDyqSyp5NjCrhFrqg6A5zA2E/iPHPhqnS8=
golang.org/x/mod v0.24.0 h1:ZfthKaKaT4NrhGVZHO1/WDTwGES4De8KtWO0SIbNJMU=
golang.org/x/mod v0.24.0/go.mod h1:IXM97Txy2VM4PJ3gI61r1YEk/gAj6zAHN3AdZt6S9Ww=
golang.org/x/net v0.40.0 h1:79Xs7wF06Gbdcg4kdCCIQArK11Z1hr5POQ6+fIYHNuY=
golang.org/x/net v0.40.0/go.mod h1:y0hY0exeL2Pku80/zKK7tpntoX23cqL3Oa6njdgRtds=
golang.org/x/sync v0.14.0 h1:woo0S4Yywslg6hp4eUFjTVOyKt0RookbpAHG4c1HmhQ=
golang.org/x/sync v0.14.0/go.mod h1:1dzgHSNfp02xaA81J2MS99Qcpr2w7fw1gpm99rleRqA=
golang.org/x/sys v0.33.0 h1:q3i8TbbEz+JRD9ywIRlyRAQbM0qF7hu24q3teo2hbuw=
golang.org/x/sys v0.33.0/go.mod h1:BJP2sWEmIv4KK5OTEluFJCKSidICx8ciO85XgH3Ak8k=
golang.org/x/text v0.25.0 h1:qVyWApTSYLk/drJRO5mDlNYskwQznZmkpV2c8q9zls4=
golang.org/x/text v0.25.0/go.mod h1:WEdwpYrmk1qmdHvhkSTNPm3app7v4rsT8F2UD6+VHIA=
golang.org/x/tools v0.32.0 h1:Q7N1vhpkQv7ybVzLFtTjvQya2ewbwNDZzUgfXGqtMWU=
golang.org/x/tools v0.32.0/go.mod h1:ZxrU41P/wAbZD8EDa6dDCa6XfpkhJ7HFMjHJXfBDu8s=
google.golang.org/genproto/googleapis/api v0.0.0-20250519155744-55703ea1f237 h1:Kog3KlB4xevJlAcbbbzPfRG0+X9fdoGM+UBRKVz6Wr0=
google.golang.org/genproto/googleapis/api v0.0.0-20250519155744-55703ea1f237/go.mod h1:ezi0AVyMKDWy5xAncvjLWH7UcLBB5n7y2fQ8MzjJcto=
google.golang.org/genproto/googleapis/rpc v0.0.0-20250519155744-55703ea1f237 h1:cJfm9zPbe1e873mHJzmQ1nwVEeRDU/T1wXDK2kUSU34=
google.golang.org/genproto/googleapis/rpc v0.0.0-20250519155744-55703ea1f237/go.mod h1:qQ0YXyHHx3XkvlzUtpXDkS29lDSafHMZBAZDc03LQ3A=
google.golang.org/grpc v1.72.1 h1:HR03wO6eyZ7lknl75XlxABNVLLFc2PAb6mHlYh756mA=
google.golang.org/grpc v1.72.1/go.mod h1:wH5Aktxcg25y1I3w7H69nHfXdOG3UiadoBtjh3izSDM=
google.golang.org/protobuf v1.36.6 h1:z1NpPI8ku2WgiWnf+t9wTPsn6eP1L7ksHUlkfLvd9xY=
google.golang.org/protobuf v1.36.6/go.mod h1:jduwjTPXsFjZGTmRluh+L6NjiWu7pchiJ2/5YcXBHnY=
gopkg.in/yaml.v3 v3.0.1 h1:fxVm/GzAzEWqLHuvctI91KS9hhNmmWOoWu0XTYJS7CA=
gopkg.in/yaml.v3 v3.0.1/go.mod h1:K4uyk7z7BCEPqu6E+C64Yfv1cQ7kz7rIZviUmN+EgEM=
